
Microsoft Visual Studio Solution File, Format Version 12.00
# Visual Studio Version 17
VisualStudioVersion = 17.0.31903.59
MinimumVisualStudioVersion = 10.0.40219.1
Project("{FAE04EC0-301F-11D3-BF4B-00C04F79EFBC}") = "Invoica.Api", "Invoica.Api\Invoica.Api.csproj", "{C88C1B7E-0BBD-4387-A63F-DB56C6800CA0}"
EndProject
Project("{FAE04EC0-301F-11D3-BF4B-00C04F79EFBC}") = "Invoica.Domain", "Invoica.Domain\Invoica.Domain.csproj", "{660DFDEF-8C7C-42E4-ADA4-2FFBCA6CB778}"
EndProject
Project("{FAE04EC0-301F-11D3-BF4B-00C04F79EFBC}") = "Invoica.Application", "Invoica.Application\Invoica.Application.csproj", "{70054365-5662-4818-A7CD-A0377C69D85C}"
EndProject
Project("{FAE04EC0-301F-11D3-BF4B-00C04F79EFBC}") = "Invoica.Infrastructure", "Invoica.Infrastructure\Invoica.Infrastructure.csproj", "{C6A377F6-BDB3-4145-B057-56EDE9B48F1A}"
EndProject
Project("{FAE04EC0-301F-11D3-BF4B-00C04F79EFBC}") = "Invoica.Persistence", "Invoica.Persistence\Invoica.Persistence.csproj", "{10769D23-21BD-44D0-A514-EEFB77900451}"
EndProject
Project("{2150E333-8FDC-42A3-9474-1A3956D46DE8}") = "1. Application", "1. Application", "{2FB0850F-5524-43C9-A980-7D1626A928EC}"
EndProject
Project("{2150E333-8FDC-42A3-9474-1A3956D46DE8}") = "0. Solution Items", "0. Solution Items", "{BA575568-577D-4CAC-A37E-A83E4E9D2833}"
	ProjectSection(SolutionItems) = preProject
		..\docker\dev\docker-compose.yml = ..\docker\dev\docker-compose.yml
		..\.gitignore = ..\.gitignore
	EndProjectSection
EndProject
Global
	GlobalSection(SolutionConfigurationPlatforms) = preSolution
		Debug|Any CPU = Debug|Any CPU
		Debug|x64 = Debug|x64
		Debug|x86 = Debug|x86
		Release|Any CPU = Release|Any CPU
		Release|x64 = Release|x64
		Release|x86 = Release|x86
	EndGlobalSection
	GlobalSection(ProjectConfigurationPlatforms) = postSolution
		{C88C1B7E-0BBD-4387-A63F-DB56C6800CA0}.Debug|Any CPU.ActiveCfg = Debug|Any CPU
		{C88C1B7E-0BBD-4387-A63F-DB56C6800CA0}.Debug|Any CPU.Build.0 = Debug|Any CPU
		{C88C1B7E-0BBD-4387-A63F-DB56C6800CA0}.Debug|x64.ActiveCfg = Debug|Any CPU
		{C88C1B7E-0BBD-4387-A63F-DB56C6800CA0}.Debug|x64.Build.0 = Debug|Any CPU
		{C88C1B7E-0BBD-4387-A63F-DB56C6800CA0}.Debug|x86.ActiveCfg = Debug|Any CPU
		{C88C1B7E-0BBD-4387-A63F-DB56C6800CA0}.Debug|x86.Build.0 = Debug|Any CPU
		{C88C1B7E-0BBD-4387-A63F-DB56C6800CA0}.Release|Any CPU.ActiveCfg = Release|Any CPU
		{C88C1B7E-0BBD-4387-A63F-DB56C6800CA0}.Release|Any CPU.Build.0 = Release|Any CPU
		{C88C1B7E-0BBD-4387-A63F-DB56C6800CA0}.Release|x64.ActiveCfg = Release|Any CPU
		{C88C1B7E-0BBD-4387-A63F-DB56C6800CA0}.Release|x64.Build.0 = Release|Any CPU
		{C88C1B7E-0BBD-4387-A63F-DB56C6800CA0}.Release|x86.ActiveCfg = Release|Any CPU
		{C88C1B7E-0BBD-4387-A63F-DB56C6800CA0}.Release|x86.Build.0 = Release|Any CPU
		{660DFDEF-8C7C-42E4-ADA4-2FFBCA6CB778}.Debug|Any CPU.ActiveCfg = Debug|Any CPU
		{660DFDEF-8C7C-42E4-ADA4-2FFBCA6CB778}.Debug|Any CPU.Build.0 = Debug|Any CPU
		{660DFDEF-8C7C-42E4-ADA4-2FFBCA6CB778}.Debug|x64.ActiveCfg = Debug|Any CPU
		{660DFDEF-8C7C-42E4-ADA4-2FFBCA6CB778}.Debug|x64.Build.0 = Debug|Any CPU
		{660DFDEF-8C7C-42E4-ADA4-2FFBCA6CB778}.Debug|x86.ActiveCfg = Debug|Any CPU
		{660DFDEF-8C7C-42E4-ADA4-2FFBCA6CB778}.Debug|x86.Build.0 = Debug|Any CPU
		{660DFDEF-8C7C-42E4-ADA4-2FFBCA6CB778}.Release|Any CPU.ActiveCfg = Release|Any CPU
		{660DFDEF-8C7C-42E4-ADA4-2FFBCA6CB778}.Release|Any CPU.Build.0 = Release|Any CPU
		{660DFDEF-8C7C-42E4-ADA4-2FFBCA6CB778}.Release|x64.ActiveCfg = Release|Any CPU
		{660DFDEF-8C7C-42E4-ADA4-2FFBCA6CB778}.Release|x64.Build.0 = Release|Any CPU
		{660DFDEF-8C7C-42E4-ADA4-2FFBCA6CB778}.Release|x86.ActiveCfg = Release|Any CPU
		{660DFDEF-8C7C-42E4-ADA4-2FFBCA6CB778}.Release|x86.Build.0 = Release|Any CPU
		{70054365-5662-4818-A7CD-A0377C69D85C}.Debug|Any CPU.ActiveCfg = Debug|Any CPU
		{70054365-5662-4818-A7CD-A0377C69D85C}.Debug|Any CPU.Build.0 = Debug|Any CPU
		{70054365-5662-4818-A7CD-A0377C69D85C}.Debug|x64.ActiveCfg = Debug|Any CPU
		{70054365-5662-4818-A7CD-A0377C69D85C}.Debug|x64.Build.0 = Debug|Any CPU
		{70054365-5662-4818-A7CD-A0377C69D85C}.Debug|x86.ActiveCfg = Debug|Any CPU
		{70054365-5662-4818-A7CD-A0377C69D85C}.Debug|x86.Build.0 = Debug|Any CPU
		{70054365-5662-4818-A7CD-A0377C69D85C}.Release|Any CPU.ActiveCfg = Release|Any CPU
		{70054365-5662-4818-A7CD-A0377C69D85C}.Release|Any CPU.Build.0 = Release|Any CPU
		{70054365-5662-4818-A7CD-A0377C69D85C}.Release|x64.ActiveCfg = Release|Any CPU
		{70054365-5662-4818-A7CD-A0377C69D85C}.Release|x64.Build.0 = Release|Any CPU
		{70054365-5662-4818-A7CD-A0377C69D85C}.Release|x86.ActiveCfg = Release|Any CPU
		{70054365-5662-4818-A7CD-A0377C69D85C}.Release|x86.Build.0 = Release|Any CPU
		{C6A377F6-BDB3-4145-B057-56EDE9B48F1A}.Debug|Any CPU.ActiveCfg = Debug|Any CPU
		{C6A377F6-BDB3-4145-B057-56EDE9B48F1A}.Debug|Any CPU.Build.0 = Debug|Any CPU
		{C6A377F6-BDB3-4145-B057-56EDE9B48F1A}.Debug|x64.ActiveCfg = Debug|Any CPU
		{C6A377F6-BDB3-4145-B057-56EDE9B48F1A}.Debug|x64.Build.0 = Debug|Any CPU
		{C6A377F6-BDB3-4145-B057-56EDE9B48F1A}.Debug|x86.ActiveCfg = Debug|Any CPU
		{C6A377F6-BDB3-4145-B057-56EDE9B48F1A}.Debug|x86.Build.0 = Debug|Any CPU
		{C6A377F6-BDB3-4145-B057-56EDE9B48F1A}.Release|Any CPU.ActiveCfg = Release|Any CPU
		{C6A377F6-BDB3-4145-B057-56EDE9B48F1A}.Release|Any CPU.Build.0 = Release|Any CPU
		{C6A377F6-BDB3-4145-B057-56EDE9B48F1A}.Release|x64.ActiveCfg = Release|Any CPU
		{C6A377F6-BDB3-4145-B057-56EDE9B48F1A}.Release|x64.Build.0 = Release|Any CPU
		{C6A377F6-BDB3-4145-B057-56EDE9B48F1A}.Release|x86.ActiveCfg = Release|Any CPU
		{C6A377F6-BDB3-4145-B057-56EDE9B48F1A}.Release|x86.Build.0 = Release|Any CPU
		{10769D23-21BD-44D0-A514-EEFB77900451}.Debug|Any CPU.ActiveCfg = Debug|Any CPU
		{10769D23-21BD-44D0-A514-EEFB77900451}.Debug|Any CPU.Build.0 = Debug|Any CPU
		{10769D23-21BD-44D0-A514-EEFB77900451}.Debug|x64.ActiveCfg = Debug|Any CPU
		{10769D23-21BD-44D0-A514-EEFB77900451}.Debug|x64.Build.0 = Debug|Any CPU
		{10769D23-21BD-44D0-A514-EEFB77900451}.Debug|x86.ActiveCfg = Debug|Any CPU
		{10769D23-21BD-44D0-A514-EEFB77900451}.Debug|x86.Build.0 = Debug|Any CPU
		{10769D23-21BD-44D0-A514-EEFB77900451}.Release|Any CPU.ActiveCfg = Release|Any CPU
		{10769D23-21BD-44D0-A514-EEFB77900451}.Release|Any CPU.Build.0 = Release|Any CPU
		{10769D23-21BD-44D0-A514-EEFB77900451}.Release|x64.ActiveCfg = Release|Any CPU
		{10769D23-21BD-44D0-A514-EEFB77900451}.Release|x64.Build.0 = Release|Any CPU
		{10769D23-21BD-44D0-A514-EEFB77900451}.Release|x86.ActiveCfg = Release|Any CPU
		{10769D23-21BD-44D0-A514-EEFB77900451}.Release|x86.Build.0 = Release|Any CPU
		{67112C41-CD94-4141-AE4A-27DB7F4E6471}.Debug|Any CPU.ActiveCfg = Debug|Any CPU
		{67112C41-CD94-4141-AE4A-27DB7F4E6471}.Debug|Any CPU.Build.0 = Debug|Any CPU
		{67112C41-CD94-4141-AE4A-27DB7F4E6471}.Debug|x64.ActiveCfg = Debug|Any CPU
		{67112C41-CD94-4141-AE4A-27DB7F4E6471}.Debug|x64.Build.0 = Debug|Any CPU
		{67112C41-CD94-4141-AE4A-27DB7F4E6471}.Debug|x86.ActiveCfg = Debug|Any CPU
		{67112C41-CD94-4141-AE4A-27DB7F4E6471}.Debug|x86.Build.0 = Debug|Any CPU
		{67112C41-CD94-4141-AE4A-27DB7F4E6471}.Release|Any CPU.ActiveCfg = Release|Any CPU
		{67112C41-CD94-4141-AE4A-27DB7F4E6471}.Release|Any CPU.Build.0 = Release|Any CPU
		{67112C41-CD94-4141-AE4A-27DB7F4E6471}.Release|x64.ActiveCfg = Release|Any CPU
		{67112C41-CD94-4141-AE4A-27DB7F4E6471}.Release|x64.Build.0 = Release|Any CPU
		{67112C41-CD94-4141-AE4A-27DB7F4E6471}.Release|x86.ActiveCfg = Release|Any CPU
		{67112C41-CD94-4141-AE4A-27DB7F4E6471}.Release|x86.Build.0 = Release|Any CPU
		{CAB9D5A3-21BD-4D32-8C38-19FFAA41365B}.Debug|Any CPU.ActiveCfg = Debug|Any CPU
		{CAB9D5A3-21BD-4D32-8C38-19FFAA41365B}.Debug|Any CPU.Build.0 = Debug|Any CPU
		{CAB9D5A3-21BD-4D32-8C38-19FFAA41365B}.Debug|x64.ActiveCfg = Debug|Any CPU
		{CAB9D5A3-21BD-4D32-8C38-19FFAA41365B}.Debug|x64.Build.0 = Debug|Any CPU
		{CAB9D5A3-21BD-4D32-8C38-19FFAA41365B}.Debug|x86.ActiveCfg = Debug|Any CPU
		{CAB9D5A3-21BD-4D32-8C38-19FFAA41365B}.Debug|x86.Build.0 = Debug|Any CPU
		{CAB9D5A3-21BD-4D32-8C38-19FFAA41365B}.Release|Any CPU.ActiveCfg = Release|Any CPU
		{CAB9D5A3-21BD-4D32-8C38-19FFAA41365B}.Release|Any CPU.Build.0 = Release|Any CPU
		{CAB9D5A3-21BD-4D32-8C38-19FFAA41365B}.Release|x64.ActiveCfg = Release|Any CPU
		{CAB9D5A3-21BD-4D32-8C38-19FFAA41365B}.Release|x64.Build.0 = Release|Any CPU
		{CAB9D5A3-21BD-4D32-8C38-19FFAA41365B}.Release|x86.ActiveCfg = Release|Any CPU
		{CAB9D5A3-21BD-4D32-8C38-19FFAA41365B}.Release|x86.Build.0 = Release|Any CPU
		{0DE5462D-A1F8-47E4-B15B-70B6F5A5663E}.Debug|Any CPU.ActiveCfg = Debug|Any CPU
		{0DE5462D-A1F8-47E4-B15B-70B6F5A5663E}.Debug|Any CPU.Build.0 = Debug|Any CPU
		{0DE5462D-A1F8-47E4-B15B-70B6F5A5663E}.Debug|x64.ActiveCfg = Debug|Any CPU
		{0DE5462D-A1F8-47E4-B15B-70B6F5A5663E}.Debug|x64.Build.0 = Debug|Any CPU
		{0DE5462D-A1F8-47E4-B15B-70B6F5A5663E}.Debug|x86.ActiveCfg = Debug|Any CPU
		{0DE5462D-A1F8-47E4-B15B-70B6F5A5663E}.Debug|x86.Build.0 = Debug|Any CPU
		{0DE5462D-A1F8-47E4-B15B-70B6F5A5663E}.Release|Any CPU.ActiveCfg = Release|Any CPU
		{0DE5462D-A1F8-47E4-B15B-70B6F5A5663E}.Release|Any CPU.Build.0 = Release|Any CPU
		{0DE5462D-A1F8-47E4-B15B-70B6F5A5663E}.Release|x64.ActiveCfg = Release|Any CPU
		{0DE5462D-A1F8-47E4-B15B-70B6F5A5663E}.Release|x64.Build.0 = Release|Any CPU
		{0DE5462D-A1F8-47E4-B15B-70B6F5A5663E}.Release|x86.ActiveCfg = Release|Any CPU
		{0DE5462D-A1F8-47E4-B15B-70B6F5A5663E}.Release|x86.Build.0 = Release|Any CPU
		{A96DF83C-E5A4-4669-A89F-1649086FAA62}.Debug|Any CPU.ActiveCfg = Debug|Any CPU
		{A96DF83C-E5A4-4669-A89F-1649086FAA62}.Debug|Any CPU.Build.0 = Debug|Any CPU
		{A96DF83C-E5A4-4669-A89F-1649086FAA62}.Debug|x64.ActiveCfg = Debug|Any CPU
		{A96DF83C-E5A4-4669-A89F-1649086FAA62}.Debug|x64.Build.0 = Debug|Any CPU
		{A96DF83C-E5A4-4669-A89F-1649086FAA62}.Debug|x86.ActiveCfg = Debug|Any CPU
		{A96DF83C-E5A4-4669-A89F-1649086FAA62}.Debug|x86.Build.0 = Debug|Any CPU
		{A96DF83C-E5A4-4669-A89F-1649086FAA62}.Release|Any CPU.ActiveCfg = Release|Any CPU
		{A96DF83C-E5A4-4669-A89F-1649086FAA62}.Release|Any CPU.Build.0 = Release|Any CPU
		{A96DF83C-E5A4-4669-A89F-1649086FAA62}.Release|x64.ActiveCfg = Release|Any CPU
		{A96DF83C-E5A4-4669-A89F-1649086FAA62}.Release|x64.Build.0 = Release|Any CPU
		{A96DF83C-E5A4-4669-A89F-1649086FAA62}.Release|x86.ActiveCfg = Release|Any CPU
		{A96DF83C-E5A4-4669-A89F-1649086FAA62}.Release|x86.Build.0 = Release|Any CPU
		{2089EAA7-5B71-429E-9CFF-E25DC35B1076}.Debug|Any CPU.ActiveCfg = Debug|Any CPU
		{2089EAA7-5B71-429E-9CFF-E25DC35B1076}.Debug|Any CPU.Build.0 = Debug|Any CPU
		{2089EAA7-5B71-429E-9CFF-E25DC35B1076}.Debug|x64.ActiveCfg = Debug|Any CPU
		{2089EAA7-5B71-429E-9CFF-E25DC35B1076}.Debug|x64.Build.0 = Debug|Any CPU
		{2089EAA7-5B71-429E-9CFF-E25DC35B1076}.Debug|x86.ActiveCfg = Debug|Any CPU
		{2089EAA7-5B71-429E-9CFF-E25DC35B1076}.Debug|x86.Build.0 = Debug|Any CPU
		{2089EAA7-5B71-429E-9CFF-E25DC35B1076}.Release|Any CPU.ActiveCfg = Release|Any CPU
		{2089EAA7-5B71-429E-9CFF-E25DC35B1076}.Release|Any CPU.Build.0 = Release|Any CPU
		{2089EAA7-5B71-429E-9CFF-E25DC35B1076}.Release|x64.ActiveCfg = Release|Any CPU
		{2089EAA7-5B71-429E-9CFF-E25DC35B1076}.Release|x64.Build.0 = Release|Any CPU
		{2089EAA7-5B71-429E-9CFF-E25DC35B1076}.Release|x86.ActiveCfg = Release|Any CPU
		{2089EAA7-5B71-429E-9CFF-E25DC35B1076}.Release|x86.Build.0 = Release|Any CPU
		{A2216665-3094-4BF8-A6D3-85C0E0DA173C}.Debug|Any CPU.ActiveCfg = Debug|Any CPU
		{A2216665-3094-4BF8-A6D3-85C0E0DA173C}.Debug|Any CPU.Build.0 = Debug|Any CPU
		{A2216665-3094-4BF8-A6D3-85C0E0DA173C}.Debug|x64.ActiveCfg = Debug|Any CPU
		{A2216665-3094-4BF8-A6D3-85C0E0DA173C}.Debug|x64.Build.0 = Debug|Any CPU
		{A2216665-3094-4BF8-A6D3-85C0E0DA173C}.Debug|x86.ActiveCfg = Debug|Any CPU
		{A2216665-3094-4BF8-A6D3-85C0E0DA173C}.Debug|x86.Build.0 = Debug|Any CPU
		{A2216665-3094-4BF8-A6D3-85C0E0DA173C}.Release|Any CPU.ActiveCfg = Release|Any CPU
		{A2216665-3094-4BF8-A6D3-85C0E0DA173C}.Release|Any CPU.Build.0 = Release|Any CPU
		{A2216665-3094-4BF8-A6D3-85C0E0DA173C}.Release|x64.ActiveCfg = Release|Any CPU
		{A2216665-3094-4BF8-A6D3-85C0E0DA173C}.Release|x64.Build.0 = Release|Any CPU
		{A2216665-3094-4BF8-A6D3-85C0E0DA173C}.Release|x86.ActiveCfg = Release|Any CPU
		{A2216665-3094-4BF8-A6D3-85C0E0DA173C}.Release|x86.Build.0 = Release|Any CPU
	EndGlobalSection
	GlobalSection(SolutionProperties) = preSolution
		HideSolutionNode = FALSE
	EndGlobalSection
	GlobalSection(NestedProjects) = preSolution
		{C88C1B7E-0BBD-4387-A63F-DB56C6800CA0} = {2FB0850F-5524-43C9-A980-7D1626A928EC}
		{70054365-5662-4818-A7CD-A0377C69D85C} = {2FB0850F-5524-43C9-A980-7D1626A928EC}
		{660DFDEF-8C7C-42E4-ADA4-2FFBCA6CB778} = {2FB0850F-5524-43C9-A980-7D1626A928EC}
		{C6A377F6-BDB3-4145-B057-56EDE9B48F1A} = {2FB0850F-5524-43C9-A980-7D1626A928EC}
		{10769D23-21BD-44D0-A514-EEFB77900451} = {2FB0850F-5524-43C9-A980-7D1626A928EC}
		{CAB9D5A3-21BD-4D32-8C38-19FFAA41365B} = {82A6F179-B104-45D2-B5CA-4D1AB17A67DB}
		{67112C41-CD94-4141-AE4A-27DB7F4E6471} = {82A6F179-B104-45D2-B5CA-4D1AB17A67DB}
		{0DE5462D-A1F8-47E4-B15B-70B6F5A5663E} = {82A6F179-B104-45D2-B5CA-4D1AB17A67DB}
		{A96DF83C-E5A4-4669-A89F-1649086FAA62} = {82A6F179-B104-45D2-B5CA-4D1AB17A67DB}
		{2089EAA7-5B71-429E-9CFF-E25DC35B1076} = {82A6F179-B104-45D2-B5CA-4D1AB17A67DB}
		{A2216665-3094-4BF8-A6D3-85C0E0DA173C} = {2FB0850F-5524-43C9-A980-7D1626A928EC}
	EndGlobalSection
EndGlobal
